
Microsoft Visual Studio Solution File, Format Version 12.00
# Visual Studio Version 17
VisualStudioVersion = 17.13.35818.85 d17.13
MinimumVisualStudioVersion = 10.0.40219.1
Project("{8BC9CEB8-8B4A-11D0-8D11-00A0C91BC942}") = "algorithmStudy_vs_cpp", "algorithmStudy_vs_cpp\algorithmStudy_vs_cpp.vcxproj", "{DCB92EA5-D36A-43ED-8169-F388124CBABD}"
EndProject
Global
	GlobalSection(SolutionConfigurationPlatforms) = preSolution
		Debug|x64 = Debug|x64
		Debug|x86 = Debug|x86
		Release|x64 = Release|x64
		Release|x86 = Release|x86
	EndGlobalSection
	GlobalSection(ProjectConfigurationPlatforms) = postSolution
		{DCB92EA5-D36A-43ED-8169-F388124CBABD}.Debug|x64.ActiveCfg = Debug|x64
		{DCB92EA5-D36A-43ED-8169-F388124CBABD}.Debug|x64.Build.0 = Debug|x64
		{DCB92EA5-D36A-43ED-8169-F388124CBABD}.Debug|x86.ActiveCfg = Debug|Win32
		{DCB92EA5-D36A-43ED-8169-F388124CBABD}.Debug|x86.Build.0 = Debug|Win32
		{DCB92EA5-D36A-43ED-8169-F388124CBABD}.Release|x64.ActiveCfg = Release|x64
		{DCB92EA5-D36A-43ED-8169-F388124CBABD}.Release|x64.Build.0 = Release|x64
		{DCB92EA5-D36A-43ED-8169-F388124CBABD}.Release|x86.ActiveCfg = Release|Win32
		{DCB92EA5-D36A-43ED-8169-F388124CBABD}.Release|x86.Build.0 = Release|Win32
	EndGlobalSection
	GlobalSection(SolutionProperties) = preSolution
		HideSolutionNode = FALSE
	EndGlobalSection
	GlobalSection(ExtensibilityGlobals) = postSolution
		SolutionGuid = {774C81C3-946A-4088-B05B-2DDCCF371E0B}
	EndGlobalSection
EndGlobal
